{
  "name": "standup-summary-helper",
  "version": "0.1.0",
  "lockfileVersion": 3,
  "requires": true,
  "packages": {
    "": {
      "name": "standup-summary-helper",
      "version": "0.1.0",
      "license": "MIT",
      "bin": {
        "standup-summary": "bin/standup.js"
      },
      "engines": {
        "node": ">=20"
      }
    }
  }
}
